// !$*UTF8*$!
{
	archiveVersion = 1;
	classes = {
	};
	objectVersion = 50;
	objects = {

/* Begin PBXBuildFile section */
		9D6E532F2623CCBF008FD7C1 /* LocationViewModel.swift in Sources */ = {isa = PBXBuildFile; fileRef = 9D6E532E2623CCBF008FD7C1 /* LocationViewModel.swift */; };
		9D76355A262009230026D948 /* MapView.swift in Sources */ = {isa = PBXBuildFile; fileRef = 9D763559262009230026D948 /* MapView.swift */; };
		9DAB831825FECAD300F5C42E /* GoCyclingApp.swift in Sources */ = {isa = PBXBuildFile; fileRef = 9DAB831725FECAD300F5C42E /* GoCyclingApp.swift */; };
		9DAB831A25FECAD300F5C42E /* CycleView.swift in Sources */ = {isa = PBXBuildFile; fileRef = 9DAB831925FECAD300F5C42E /* CycleView.swift */; };
		9DAB831C25FECAD400F5C42E /* Assets.xcassets in Resources */ = {isa = PBXBuildFile; fileRef = 9DAB831B25FECAD400F5C42E /* Assets.xcassets */; };
		9DAB831F25FECAD400F5C42E /* Preview Assets.xcassets in Resources */ = {isa = PBXBuildFile; fileRef = 9DAB831E25FECAD400F5C42E /* Preview Assets.xcassets */; };
		9DAB832A25FECAD400F5C42E /* GoCyclingTests.swift in Sources */ = {isa = PBXBuildFile; fileRef = 9DAB832925FECAD400F5C42E /* GoCyclingTests.swift */; };
		9DAB833525FECAD400F5C42E /* GoCyclingUITests.swift in Sources */ = {isa = PBXBuildFile; fileRef = 9DAB833425FECAD400F5C42E /* GoCyclingUITests.swift */; };
		9DAB835E25FECCB000F5C42E /* MainView.swift in Sources */ = {isa = PBXBuildFile; fileRef = 9DAB835D25FECCB000F5C42E /* MainView.swift */; };
		9DAB837025FED0A300F5C42E /* StatisticsView.swift in Sources */ = {isa = PBXBuildFile; fileRef = 9DAB836F25FED0A300F5C42E /* StatisticsView.swift */; };
		9DAB837525FED2F800F5C42E /* TimerButton.swift in Sources */ = {isa = PBXBuildFile; fileRef = 9DAB837425FED2F800F5C42E /* TimerButton.swift */; };
		9DAB837C25FEDEF100F5C42E /* StopWatchViewModel.swift in Sources */ = {isa = PBXBuildFile; fileRef = 9DAB837B25FEDEF100F5C42E /* StopWatchViewModel.swift */; };
/* End PBXBuildFile section */

/* Begin PBXContainerItemProxy section */
		9DAB832625FECAD400F5C42E /* PBXContainerItemProxy */ = {
			isa = PBXContainerItemProxy;
			containerPortal = 9DAB830C25FECAD300F5C42E /* Project object */;
			proxyType = 1;
			remoteGlobalIDString = 9DAB831325FECAD300F5C42E;
			remoteInfo = "Go Cycling";
		};
		9DAB833125FECAD400F5C42E /* PBXContainerItemProxy */ = {
			isa = PBXContainerItemProxy;
			containerPortal = 9DAB830C25FECAD300F5C42E /* Project object */;
			proxyType = 1;
			remoteGlobalIDString = 9DAB831325FECAD300F5C42E;
			remoteInfo = "Go Cycling";
		};
/* End PBXContainerItemProxy section */

/* Begin PBXFileReference section */
		9D6E532E2623CCBF008FD7C1 /* LocationViewModel.swift */ = {isa = PBXFileReference; lastKnownFileType = sourcecode.swift; path = LocationViewModel.swift; sourceTree = "<group>"; };
		9D763559262009230026D948 /* MapView.swift */ = {isa = PBXFileReference; lastKnownFileType = sourcecode.swift; path = MapView.swift; sourceTree = "<group>"; };
		9DAB831425FECAD300F5C42E /* Go Cycling.app */ = {isa = PBXFileReference; explicitFileType = wrapper.application; includeInIndex = 0; path = "Go Cycling.app"; sourceTree = BUILT_PRODUCTS_DIR; };
		9DAB831725FECAD300F5C42E /* GoCyclingApp.swift */ = {isa = PBXFileReference; lastKnownFileType = sourcecode.swift; path = GoCyclingApp.swift; sourceTree = "<group>"; };
		9DAB831925FECAD300F5C42E /* CycleView.swift */ = {isa = PBXFileReference; lastKnownFileType = sourcecode.swift; path = CycleView.swift; sourceTree = "<group>"; };
		9DAB831B25FECAD400F5C42E /* Assets.xcassets */ = {isa = PBXFileReference; lastKnownFileType = folder.assetcatalog; path = Assets.xcassets; sourceTree = "<group>"; };
		9DAB831E25FECAD400F5C42E /* Preview Assets.xcassets */ = {isa = PBXFileReference; lastKnownFileType = folder.assetcatalog; path = "Preview Assets.xcassets"; sourceTree = "<group>"; };
		9DAB832025FECAD400F5C42E /* Info.plist */ = {isa = PBXFileReference; lastKnownFileType = text.plist.xml; path = Info.plist; sourceTree = "<group>"; };
		9DAB832525FECAD400F5C42E /* Go CyclingTests.xctest */ = {isa = PBXFileReference; explicitFileType = wrapper.cfbundle; includeInIndex = 0; path = "Go CyclingTests.xctest"; sourceTree = BUILT_PRODUCTS_DIR; };
		9DAB832925FECAD400F5C42E /* GoCyclingTests.swift */ = {isa = PBXFileReference; lastKnownFileType = sourcecode.swift; path = GoCyclingTests.swift; sourceTree = "<group>"; };
		9DAB832B25FECAD400F5C42E /* Info.plist */ = {isa = PBXFileReference; lastKnownFileType = text.plist.xml; path = Info.plist; sourceTree = "<group>"; };
		9DAB833025FECAD400F5C42E /* Go CyclingUITests.xctest */ = {isa = PBXFileReference; explicitFileType = wrapper.cfbundle; includeInIndex = 0; path = "Go CyclingUITests.xctest"; sourceTree = BUILT_PRODUCTS_DIR; };
		9DAB833425FECAD400F5C42E /* GoCyclingUITests.swift */ = {isa = PBXFileReference; lastKnownFileType = sourcecode.swift; path = GoCyclingUITests.swift; sourceTree = "<group>"; };
		9DAB833625FECAD400F5C42E /* Info.plist */ = {isa = PBXFileReference; lastKnownFileType = text.plist.xml; path = Info.plist; sourceTree = "<group>"; };
		9DAB835D25FECCB000F5C42E /* MainView.swift */ = {isa = PBXFileReference; lastKnownFileType = sourcecode.swift; path = MainView.swift; sourceTree = "<group>"; };
		9DAB836F25FED0A300F5C42E /* StatisticsView.swift */ = {isa = PBXFileReference; lastKnownFileType = sourcecode.swift; path = StatisticsView.swift; sourceTree = "<group>"; };
		9DAB837425FED2F800F5C42E /* TimerButton.swift */ = {isa = PBXFileReference; lastKnownFileType = sourcecode.swift; path = TimerButton.swift; sourceTree = "<group>"; };
		9DAB837B25FEDEF100F5C42E /* StopWatchViewModel.swift */ = {isa = PBXFileReference; lastKnownFileType = sourcecode.swift; path = StopWatchViewModel.swift; sourceTree = "<group>"; };
/* End PBXFileReference section */

/* Begin PBXFrameworksBuildPhase section */
		9DAB831125FECAD300F5C42E /* Frameworks */ = {
			isa = PBXFrameworksBuildPhase;
			buildActionMask = 2147483647;
			files = (
			);
			runOnlyForDeploymentPostprocessing = 0;
		};
		9DAB832225FECAD400F5C42E /* Frameworks */ = {
			isa = PBXFrameworksBuildPhase;
			buildActionMask = 2147483647;
			files = (
			);
			runOnlyForDeploymentPostprocessing = 0;
		};
		9DAB832D25FECAD400F5C42E /* Frameworks */ = {
			isa = PBXFrameworksBuildPhase;
			buildActionMask = 2147483647;
			files = (
			);
			runOnlyForDeploymentPostprocessing = 0;
		};
/* End PBXFrameworksBuildPhase section */

/* Begin PBXGroup section */
		9D6E53392623CD36008FD7C1 /* Cycle */ = {
			isa = PBXGroup;
			children = (
				9DAB831925FECAD300F5C42E /* CycleView.swift */,
				9DAB837425FED2F800F5C42E /* TimerButton.swift */,
				9D763559262009230026D948 /* MapView.swift */,
			);
			path = Cycle;
			sourceTree = "<group>";
		};
		9D6E533D2627AE57008FD7C1 /* Statistics */ = {
			isa = PBXGroup;
			children = (
				9DAB836F25FED0A300F5C42E /* StatisticsView.swift */,
			);
			path = Statistics;
			sourceTree = "<group>";
		};
		9D6E53412627AE9B008FD7C1 /* Cycle */ = {
			isa = PBXGroup;
			children = (
				9D6E532E2623CCBF008FD7C1 /* LocationViewModel.swift */,
				9DAB837B25FEDEF100F5C42E /* StopWatchViewModel.swift */,
			);
			path = Cycle;
			sourceTree = "<group>";
		};
		9D76355E262298490026D948 /* Models */ = {
			isa = PBXGroup;
			children = (
			);
			path = Models;
			sourceTree = "<group>";
		};
		9DAB830B25FECAD300F5C42E = {
			isa = PBXGroup;
			children = (
				9DAB831625FECAD300F5C42E /* Go Cycling */,
				9DAB832825FECAD400F5C42E /* Go CyclingTests */,
				9DAB833325FECAD400F5C42E /* Go CyclingUITests */,
				9DAB831525FECAD300F5C42E /* Products */,
			);
			sourceTree = "<group>";
		};
		9DAB831525FECAD300F5C42E /* Products */ = {
			isa = PBXGroup;
			children = (
				9DAB831425FECAD300F5C42E /* Go Cycling.app */,
				9DAB832525FECAD400F5C42E /* Go CyclingTests.xctest */,
				9DAB833025FECAD400F5C42E /* Go CyclingUITests.xctest */,
			);
			name = Products;
			sourceTree = "<group>";
		};
		9DAB831625FECAD300F5C42E /* Go Cycling */ = {
			isa = PBXGroup;
			children = (
				9D76355E262298490026D948 /* Models */,
				9DAB837A25FEDEC000F5C42E /* View Models */,
				9DAB836525FED02A00F5C42E /* Views */,
				9DAB831725FECAD300F5C42E /* GoCyclingApp.swift */,
				9DAB831B25FECAD400F5C42E /* Assets.xcassets */,
				9DAB832025FECAD400F5C42E /* Info.plist */,
				9DAB831D25FECAD400F5C42E /* Preview Content */,
			);
			path = "Go Cycling";
			sourceTree = "<group>";
		};
		9DAB831D25FECAD400F5C42E /* Preview Content */ = {
			isa = PBXGroup;
			children = (
				9DAB831E25FECAD400F5C42E /* Preview Assets.xcassets */,
			);
			path = "Preview Content";
			sourceTree = "<group>";
		};
		9DAB832825FECAD400F5C42E /* Go CyclingTests */ = {
			isa = PBXGroup;
			children = (
				9DAB832925FECAD400F5C42E /* GoCyclingTests.swift */,
				9DAB832B25FECAD400F5C42E /* Info.plist */,
			);
			path = "Go CyclingTests";
			sourceTree = "<group>";
		};
		9DAB833325FECAD400F5C42E /* Go CyclingUITests */ = {
			isa = PBXGroup;
			children = (
				9DAB833425FECAD400F5C42E /* GoCyclingUITests.swift */,
				9DAB833625FECAD400F5C42E /* Info.plist */,
			);
			path = "Go CyclingUITests";
			sourceTree = "<group>";
		};
		9DAB836525FED02A00F5C42E /* Views */ = {
			isa = PBXGroup;
			children = (
				9D6E533D2627AE57008FD7C1 /* Statistics */,
				9D6E53392623CD36008FD7C1 /* Cycle */,
				9DAB835D25FECCB000F5C42E /* MainView.swift */,
			);
			path = Views;
			sourceTree = "<group>";
		};
		9DAB837A25FEDEC000F5C42E /* View Models */ = {
			isa = PBXGroup;
			children = (
				9D6E53412627AE9B008FD7C1 /* Cycle */,
			);
			path = "View Models";
			sourceTree = "<group>";
		};
/* End PBXGroup section */

/* Begin PBXNativeTarget section */
		9DAB831325FECAD300F5C42E /* Go Cycling */ = {
			isa = PBXNativeTarget;
			buildConfigurationList = 9DAB833925FECAD400F5C42E /* Build configuration list for PBXNativeTarget "Go Cycling" */;
			buildPhases = (
				9DAB831025FECAD300F5C42E /* Sources */,
				9DAB831125FECAD300F5C42E /* Frameworks */,
				9DAB831225FECAD300F5C42E /* Resources */,
			);
			buildRules = (
			);
			dependencies = (
			);
			name = "Go Cycling";
			productName = "Go Cycling";
			productReference = 9DAB831425FECAD300F5C42E /* Go Cycling.app */;
			productType = "com.apple.product-type.application";
		};
		9DAB832425FECAD400F5C42E /* Go CyclingTests */ = {
			isa = PBXNativeTarget;
			buildConfigurationList = 9DAB833C25FECAD400F5C42E /* Build configuration list for PBXNativeTarget "Go CyclingTests" */;
			buildPhases = (
				9DAB832125FECAD400F5C42E /* Sources */,
				9DAB832225FECAD400F5C42E /* Frameworks */,
				9DAB832325FECAD400F5C42E /* Resources */,
			);
			buildRules = (
			);
			dependencies = (
				9DAB832725FECAD400F5C42E /* PBXTargetDependency */,
			);
			name = "Go CyclingTests";
			productName = "Go CyclingTests";
			productReference = 9DAB832525FECAD400F5C42E /* Go CyclingTests.xctest */;
			productType = "com.apple.product-type.bundle.unit-test";
		};
		9DAB832F25FECAD400F5C42E /* Go CyclingUITests */ = {
			isa = PBXNativeTarget;
			buildConfigurationList = 9DAB833F25FECAD400F5C42E /* Build configuration list for PBXNativeTarget "Go CyclingUITests" */;
			buildPhases = (
				9DAB832C25FECAD400F5C42E /* Sources */,
				9DAB832D25FECAD400F5C42E /* Frameworks */,
				9DAB832E25FECAD400F5C42E /* Resources */,
			);
			buildRules = (
			);
			dependencies = (
				9DAB833225FECAD400F5C42E /* PBXTargetDependency */,
			);
			name = "Go CyclingUITests";
			productName = "Go CyclingUITests";
			productReference = 9DAB833025FECAD400F5C42E /* Go CyclingUITests.xctest */;
			productType = "com.apple.product-type.bundle.ui-testing";
		};
/* End PBXNativeTarget section */

/* Begin PBXProject section */
		9DAB830C25FECAD300F5C42E /* Project object */ = {
			isa = PBXProject;
			attributes = {
				LastSwiftUpdateCheck = 1240;
				LastUpgradeCheck = 1240;
				TargetAttributes = {
					9DAB831325FECAD300F5C42E = {
						CreatedOnToolsVersion = 12.4;
					};
					9DAB832425FECAD400F5C42E = {
						CreatedOnToolsVersion = 12.4;
						TestTargetID = 9DAB831325FECAD300F5C42E;
					};
					9DAB832F25FECAD400F5C42E = {
						CreatedOnToolsVersion = 12.4;
						TestTargetID = 9DAB831325FECAD300F5C42E;
					};
				};
			};
			buildConfigurationList = 9DAB830F25FECAD300F5C42E /* Build configuration list for PBXProject "Go Cycling" */;
			compatibilityVersion = "Xcode 9.3";
			developmentRegion = en;
			hasScannedForEncodings = 0;
			knownRegions = (
				en,
				Base,
			);
			mainGroup = 9DAB830B25FECAD300F5C42E;
			productRefGroup = 9DAB831525FECAD300F5C42E /* Products */;
			projectDirPath = "";
			projectRoot = "";
			targets = (
				9DAB831325FECAD300F5C42E /* Go Cycling */,
				9DAB832425FECAD400F5C42E /* Go CyclingTests */,
				9DAB832F25FECAD400F5C42E /* Go CyclingUITests */,
			);
		};
/* End PBXProject section */

/* Begin PBXResourcesBuildPhase section */
		9DAB831225FECAD300F5C42E /* Resources */ = {
			isa = PBXResourcesBuildPhase;
			buildActionMask = 2147483647;
			files = (
				9DAB831F25FECAD400F5C42E /* Preview Assets.xcassets in Resources */,
				9DAB831C25FECAD400F5C42E /* Assets.xcassets in Resources */,
			);
			runOnlyForDeploymentPostprocessing = 0;
		};
		9DAB832325FECAD400F5C42E /* Resources */ = {
			isa = PBXResourcesBuildPhase;
			buildActionMask = 2147483647;
			files = (
			);
			runOnlyForDeploymentPostprocessing = 0;
		};
		9DAB832E25FECAD400F5C42E /* Resources */ = {
			isa = PBXResourcesBuildPhase;
			buildActionMask = 2147483647;
			files = (
			);
			runOnlyForDeploymentPostprocessing = 0;
		};
/* End PBXResourcesBuildPhase section */

/* Begin PBXSourcesBuildPhase section */
		9DAB831025FECAD300F5C42E /* Sources */ = {
			isa = PBXSourcesBuildPhase;
			buildActionMask = 2147483647;
			files = (
				9D76355A262009230026D948 /* MapView.swift in Sources */,
				9DAB831A25FECAD300F5C42E /* CycleView.swift in Sources */,
				9DAB837C25FEDEF100F5C42E /* StopWatchViewModel.swift in Sources */,
				9DAB837025FED0A300F5C42E /* StatisticsView.swift in Sources */,
				9DAB835E25FECCB000F5C42E /* MainView.swift in Sources */,
				9DAB837525FED2F800F5C42E /* TimerButton.swift in Sources */,
				9D6E532F2623CCBF008FD7C1 /* LocationViewModel.swift in Sources */,
				9DAB831825FECAD300F5C42E /* GoCyclingApp.swift in Sources */,
			);
			runOnlyForDeploymentPostprocessing = 0;
		};
		9DAB832125FECAD400F5C42E /* Sources */ = {
			isa = PBXSourcesBuildPhase;
			buildActionMask = 2147483647;
			files = (
				9DAB832A25FECAD400F5C42E /* GoCyclingTests.swift in Sources */,
			);
			runOnlyForDeploymentPostprocessing = 0;
		};
		9DAB832C25FECAD400F5C42E /* Sources */ = {
			isa = PBXSourcesBuildPhase;
			buildActionMask = 2147483647;
			files = (
				9DAB833525FECAD400F5C42E /* GoCyclingUITests.swift in Sources */,
			);
			runOnlyForDeploymentPostprocessing = 0;
		};
/* End PBXSourcesBuildPhase section */

/* Begin PBXTargetDependency section */
		9DAB832725FECAD400F5C42E /* PBXTargetDependency */ = {
			isa = PBXTargetDependency;
			target = 9DAB831325FECAD300F5C42E /* Go Cycling */;
			targetProxy = 9DAB832625FECAD400F5C42E /* PBXContainerItemProxy */;
		};
		9DAB833225FECAD400F5C42E /* PBXTargetDependency */ = {
			isa = PBXTargetDependency;
			target = 9DAB831325FECAD300F5C42E /* Go Cycling */;
			targetProxy = 9DAB833125FECAD400F5C42E /* PBXContainerItemProxy */;
		};
/* End PBXTargetDependency section */

/* Begin XCBuildConfiguration section */
		9DAB833725FECAD400F5C42E /* Debug */ = {
			isa = XCBuildConfiguration;
			buildSettings = {
				ALWAYS_SEARCH_USER_PATHS = NO;
				CLANG_ANALYZER_NONNULL = YES;
				CLANG_ANALYZER_NUMBER_OBJECT_CONVERSION = YES_AGGRESSIVE;
				CLANG_CXX_LANGUAGE_STANDARD = "gnu++14";
				CLANG_CXX_LIBRARY = "libc++";
				CLANG_ENABLE_MODULES = YES;
				CLANG_ENABLE_OBJC_ARC = YES;
				CLANG_ENABLE_OBJC_WEAK = YES;
				CLANG_WARN_BLOCK_CAPTURE_AUTORELEASING = YES;
				CLANG_WARN_BOOL_CONVERSION = YES;
				CLANG_WARN_COMMA = YES;
				CLANG_WARN_CONSTANT_CONVERSION = YES;
				CLANG_WARN_DEPRECATED_OBJC_IMPLEMENTATIONS = YES;
				CLANG_WARN_DIRECT_OBJC_ISA_USAGE = YES_ERROR;
				CLANG_WARN_DOCUMENTATION_COMMENTS = YES;
				CLANG_WARN_EMPTY_BODY = YES;
				CLANG_WARN_ENUM_CONVERSION = YES;
				CLANG_WARN_INFINITE_RECURSION = YES;
				CLANG_WARN_INT_CONVERSION = YES;
				CLANG_WARN_NON_LITERAL_NULL_CONVERSION = YES;
				CLANG_WARN_OBJC_IMPLICIT_RETAIN_SELF = YES;
				CLANG_WARN_OBJC_LITERAL_CONVERSION = YES;
				CLANG_WARN_OBJC_ROOT_CLASS = YES_ERROR;
				CLANG_WARN_QUOTED_INCLUDE_IN_FRAMEWORK_HEADER = YES;
				CLANG_WARN_RANGE_LOOP_ANALYSIS = YES;
				CLANG_WARN_STRICT_PROTOTYPES = YES;
				CLANG_WARN_SUSPICIOUS_MOVE = YES;
				CLANG_WARN_UNGUARDED_AVAILABILITY = YES_AGGRESSIVE;
				CLANG_WARN_UNREACHABLE_CODE = YES;
				CLANG_WARN__DUPLICATE_METHOD_MATCH = YES;
				COPY_PHASE_STRIP = NO;
				DEBUG_INFORMATION_FORMAT = dwarf;
				ENABLE_STRICT_OBJC_MSGSEND = YES;
				ENABLE_TESTABILITY = YES;
				GCC_C_LANGUAGE_STANDARD = gnu11;
				GCC_DYNAMIC_NO_PIC = NO;
				GCC_NO_COMMON_BLOCKS = YES;
				GCC_OPTIMIZATION_LEVEL = 0;
				GCC_PREPROCESSOR_DEFINITIONS = (
					"DEBUG=1",
					"$(inherited)",
				);
				GCC_WARN_64_TO_32_BIT_CONVERSION = YES;
				GCC_WARN_ABOUT_RETURN_TYPE = YES_ERROR;
				GCC_WARN_UNDECLARED_SELECTOR = YES;
				GCC_WARN_UNINITIALIZED_AUTOS = YES_AGGRESSIVE;
				GCC_WARN_UNUSED_FUNCTION = YES;
				GCC_WARN_UNUSED_VARIABLE = YES;
				IPHONEOS_DEPLOYMENT_TARGET = 14.4;
				MTL_ENABLE_DEBUG_INFO = INCLUDE_SOURCE;
				MTL_FAST_MATH = YES;
				ONLY_ACTIVE_ARCH = YES;
				SDKROOT = iphoneos;
				SWIFT_ACTIVE_COMPILATION_CONDITIONS = DEBUG;
				SWIFT_OPTIMIZATION_LEVEL = "-Onone";
			};
			name = Debug;
		};
		9DAB833825FECAD400F5C42E /* Release */ = {
			isa = XCBuildConfiguration;
			buildSettings = {
				ALWAYS_SEARCH_USER_PATHS = NO;
				CLANG_ANALYZER_NONNULL = YES;
				CLANG_ANALYZER_NUMBER_OBJECT_CONVERSION = YES_AGGRESSIVE;
				CLANG_CXX_LANGUAGE_STANDARD = "gnu++14";
				CLANG_CXX_LIBRARY = "libc++";
				CLANG_ENABLE_MODULES = YES;
				CLANG_ENABLE_OBJC_ARC = YES;
				CLANG_ENABLE_OBJC_WEAK = YES;
				CLANG_WARN_BLOCK_CAPTURE_AUTORELEASING = YES;
				CLANG_WARN_BOOL_CONVERSION = YES;
				CLANG_WARN_COMMA = YES;
				CLANG_WARN_CONSTANT_CONVERSION = YES;
				CLANG_WARN_DEPRECATED_OBJC_IMPLEMENTATIONS = YES;
				CLANG_WARN_DIRECT_OBJC_ISA_USAGE = YES_ERROR;
				CLANG_WARN_DOCUMENTATION_COMMENTS = YES;
				CLANG_WARN_EMPTY_BODY = YES;
				CLANG_WARN_ENUM_CONVERSION = YES;
				CLANG_WARN_INFINITE_RECURSION = YES;
				CLANG_WARN_INT_CONVERSION = YES;
				CLANG_WARN_NON_LITERAL_NULL_CONVERSION = YES;
				CLANG_WARN_OBJC_IMPLICIT_RETAIN_SELF = YES;
				CLANG_WARN_OBJC_LITERAL_CONVERSION = YES;
				CLANG_WARN_OBJC_ROOT_CLASS = YES_ERROR;
				CLANG_WARN_QUOTED_INCLUDE_IN_FRAMEWORK_HEADER = YES;
				CLANG_WARN_RANGE_LOOP_ANALYSIS = YES;
				CLANG_WARN_STRICT_PROTOTYPES = YES;
				CLANG_WARN_SUSPICIOUS_MOVE = YES;
				CLANG_WARN_UNGUARDED_AVAILABILITY = YES_AGGRESSIVE;
				CLANG_WARN_UNREACHABLE_CODE = YES;
				CLANG_WARN__DUPLICATE_METHOD_MATCH = YES;
				COPY_PHASE_STRIP = NO;
				DEBUG_INFORMATION_FORMAT = "dwarf-with-dsym";
				ENABLE_NS_ASSERTIONS = NO;
				ENABLE_STRICT_OBJC_MSGSEND = YES;
				GCC_C_LANGUAGE_STANDARD = gnu11;
				GCC_NO_COMMON_BLOCKS = YES;
				GCC_WARN_64_TO_32_BIT_CONVERSION = YES;
				GCC_WARN_ABOUT_RETURN_TYPE = YES_ERROR;
				GCC_WARN_UNDECLARED_SELECTOR = YES;
				GCC_WARN_UNINITIALIZED_AUTOS = YES_AGGRESSIVE;
				GCC_WARN_UNUSED_FUNCTION = YES;
				GCC_WARN_UNUSED_VARIABLE = YES;
				IPHONEOS_DEPLOYMENT_TARGET = 14.4;
				MTL_ENABLE_DEBUG_INFO = NO;
				MTL_FAST_MATH = YES;
				SDKROOT = iphoneos;
				SWIFT_COMPILATION_MODE = wholemodule;
				SWIFT_OPTIMIZATION_LEVEL = "-O";
				VALIDATE_PRODUCT = YES;
			};
			name = Release;
		};
		9DAB833A25FECAD400F5C42E /* Debug */ = {
			isa = XCBuildConfiguration;
			buildSettings = {
				ASSETCATALOG_COMPILER_APPICON_NAME = AppIcon;
				ASSETCATALOG_COMPILER_GLOBAL_ACCENT_COLOR_NAME = AccentColor;
				CODE_SIGN_STYLE = Automatic;
				DEVELOPMENT_ASSET_PATHS = "\"Go Cycling/Preview Content\"";
				DEVELOPMENT_TEAM = QMBJV5C74X;
				ENABLE_PREVIEWS = YES;
				INFOPLIST_FILE = "Go Cycling/Info.plist";
				IPHONEOS_DEPLOYMENT_TARGET = 14.0;
				LD_RUNPATH_SEARCH_PATHS = (
					"$(inherited)",
					"@executable_path/Frameworks",
				);
				MARKETING_VERSION = 1.0.0;
				PRODUCT_BUNDLE_IDENTIFIER = com.hopkins.GoCycling;
				PRODUCT_NAME = "$(TARGET_NAME)";
				SWIFT_VERSION = 5.0;
				TARGETED_DEVICE_FAMILY = "1,2";
			};
			name = Debug;
		};
		9DAB833B25FECAD400F5C42E /* Release */ = {
			isa = XCBuildConfiguration;
			buildSettings = {
				ASSETCATALOG_COMPILER_APPICON_NAME = AppIcon;
				ASSETCATALOG_COMPILER_GLOBAL_ACCENT_COLOR_NAME = AccentColor;
				CODE_SIGN_STYLE = Automatic;
				DEVELOPMENT_ASSET_PATHS = "\"Go Cycling/Preview Content\"";
				DEVELOPMENT_TEAM = QMBJV5C74X;
				ENABLE_PREVIEWS = YES;
				INFOPLIST_FILE = "Go Cycling/Info.plist";
				IPHONEOS_DEPLOYMENT_TARGET = 14.0;
				LD_RUNPATH_SEARCH_PATHS = (
					"$(inherited)",
					"@executable_path/Frameworks",
				);
				MARKETING_VERSION = 1.0.0;
				PRODUCT_BUNDLE_IDENTIFIER = com.hopkins.GoCycling;
				PRODUCT_NAME = "$(TARGET_NAME)";
				SWIFT_VERSION = 5.0;
				TARGETED_DEVICE_FAMILY = "1,2";
			};
			name = Release;
		};
		9DAB833D25FECAD400F5C42E /* Debug */ = {
			isa = XCBuildConfiguration;
			buildSettings = {
				ALWAYS_EMBED_SWIFT_STANDARD_LIBRARIES = YES;
				BUNDLE_LOADER = "$(TEST_HOST)";
				CODE_SIGN_STYLE = Automatic;
				DEVELOPMENT_TEAM = QMBJV5C74X;
				INFOPLIST_FILE = "Go CyclingTests/Info.plist";
				IPHONEOS_DEPLOYMENT_TARGET = 14.0;
				LD_RUNPATH_SEARCH_PATHS = (
					"$(inherited)",
					"@executable_path/Frameworks",
					"@loader_path/Frameworks",
				);
				PRODUCT_BUNDLE_IDENTIFIER = "com.hopkins.Go-CyclingTests";
				PRODUCT_NAME = "$(TARGET_NAME)";
				SWIFT_VERSION = 5.0;
				TARGETED_DEVICE_FAMILY = "1,2";
				TEST_HOST = "$(BUILT_PRODUCTS_DIR)/Go Cycling.app/Go Cycling";
			};
			name = Debug;
		};
		9DAB833E25FECAD400F5C42E /* Release */ = {
			isa = XCBuildConfiguration;
			buildSettings = {
				ALWAYS_EMBED_SWIFT_STANDARD_LIBRARIES = YES;
				BUNDLE_LOADER = "$(TEST_HOST)";
				CODE_SIGN_STYLE = Automatic;
				DEVELOPMENT_TEAM = QMBJV5C74X;
				INFOPLIST_FILE = "Go CyclingTests/Info.plist";
				IPHONEOS_DEPLOYMENT_TARGET = 14.0;
				LD_RUNPATH_SEARCH_PATHS = (
					"$(inherited)",
					"@executable_path/Frameworks",
					"@loader_path/Frameworks",
				);
				PRODUCT_BUNDLE_IDENTIFIER = "com.hopkins.Go-CyclingTests";
				PRODUCT_NAME = "$(TARGET_NAME)";
				SWIFT_VERSION = 5.0;
				TARGETED_DEVICE_FAMILY = "1,2";
				TEST_HOST = "$(BUILT_PRODUCTS_DIR)/Go Cycling.app/Go Cycling";
			};
			name = Release;
		};
		9DAB834025FECAD400F5C42E /* Debug */ = {
			isa = XCBuildConfiguration;
			buildSettings = {
				ALWAYS_EMBED_SWIFT_STANDARD_LIBRARIES = YES;
				CODE_SIGN_STYLE = Automatic;
				DEVELOPMENT_TEAM = QMBJV5C74X;
				INFOPLIST_FILE = "Go CyclingUITests/Info.plist";
				LD_RUNPATH_SEARCH_PATHS = (
					"$(inherited)",
					"@executable_path/Frameworks",
					"@loader_path/Frameworks",
				);
				PRODUCT_BUNDLE_IDENTIFIER = "com.hopkins.Go-CyclingUITests";
				PRODUCT_NAME = "$(TARGET_NAME)";
				SWIFT_VERSION = 5.0;
				TARGETED_DEVICE_FAMILY = "1,2";
				TEST_TARGET_NAME = "Go Cycling";
			};
			name = Debug;
		};
		9DAB834125FECAD400F5C42E /* Release */ = {
			isa = XCBuildConfiguration;
			buildSettings = {
				ALWAYS_EMBED_SWIFT_STANDARD_LIBRARIES = YES;
				CODE_SIGN_STYLE = Automatic;
				DEVELOPMENT_TEAM = QMBJV5C74X;
				INFOPLIST_FILE = "Go CyclingUITests/Info.plist";
				LD_RUNPATH_SEARCH_PATHS = (
					"$(inherited)",
					"@executable_path/Frameworks",
					"@loader_path/Frameworks",
				);
				PRODUCT_BUNDLE_IDENTIFIER = "com.hopkins.Go-CyclingUITests";
				PRODUCT_NAME = "$(TARGET_NAME)";
				SWIFT_VERSION = 5.0;
				TARGETED_DEVICE_FAMILY = "1,2";
				TEST_TARGET_NAME = "Go Cycling";
			};
			name = Release;
		};
/* End XCBuildConfiguration section */

/* Begin XCConfigurationList section */
		9DAB830F25FECAD300F5C42E /* Build configuration list for PBXProject "Go Cycling" */ = {
			isa = XCConfigurationList;
			buildConfigurations = (
				9DAB833725FECAD400F5C42E /* Debug */,
				9DAB833825FECAD400F5C42E /* Release */,
			);
			defaultConfigurationIsVisible = 0;
			defaultConfigurationName = Release;
		};
		9DAB833925FECAD400F5C42E /* Build configuration list for PBXNativeTarget "Go Cycling" */ = {
			isa = XCConfigurationList;
			buildConfigurations = (
				9DAB833A25FECAD400F5C42E /* Debug */,
				9DAB833B25FECAD400F5C42E /* Release */,
			);
			defaultConfigurationIsVisible = 0;
			defaultConfigurationName = Release;
		};
		9DAB833C25FECAD400F5C42E /* Build configuration list for PBXNativeTarget "Go CyclingTests" */ = {
			isa = XCConfigurationList;
			buildConfigurations = (
				9DAB833D25FECAD400F5C42E /* Debug */,
				9DAB833E25FECAD400F5C42E /* Release */,
			);
			defaultConfigurationIsVisible = 0;
			defaultConfigurationName = Release;
		};
		9DAB833F25FECAD400F5C42E /* Build configuration list for PBXNativeTarget "Go CyclingUITests" */ = {
			isa = XCConfigurationList;
			buildConfigurations = (
				9DAB834025FECAD400F5C42E /* Debug */,
				9DAB834125FECAD400F5C42E /* Release */,
			);
			defaultConfigurationIsVisible = 0;
			defaultConfigurationName = Release;
		};
/* End XCConfigurationList section */
	};
	rootObject = 9DAB830C25FECAD300F5C42E /* Project object */;
}
